
Microsoft Visual Studio Solution File, Format Version 12.00
# Visual Studio 15
VisualStudioVersion = 15.0.28010.2036
MinimumVisualStudioVersion = 10.0.40219.1
Project("{FAE04EC0-301F-11D3-BF4B-00C04F79EFBC}") = "Kelompok8.Android", "Kelompok8\Kelompok8.Android\Kelompok8.Android.csproj", "{623AD0BE-A9DB-48FE-81FA-4BF8852857FC}"
EndProject
Project("{FAE04EC0-301F-11D3-BF4B-00C04F79EFBC}") = "Kelompok8.iOS", "Kelompok8\Kelompok8.iOS\Kelompok8.iOS.csproj", "{2B6CFDD5-F8B3-42C8-82E0-F44B35897BA4}"
EndProject
Project("{FAE04EC0-301F-11D3-BF4B-00C04F79EFBC}") = "Kelompok8.UWP", "Kelompok8\Kelompok8.UWP\Kelompok8.UWP.csproj", "{335300FB-63E9-4CB6-BCA5-752A50C5EFF8}"
EndProject
Project("{FAE04EC0-301F-11D3-BF4B-00C04F79EFBC}") = "Kelompok8", "Kelompok8\Kelompok8\Kelompok8.csproj", "{6CD71F80-19EF-4153-A47D-D294857B71F3}"
EndProject
Global
	GlobalSection(SolutionConfigurationPlatforms) = preSolution
		Ad-Hoc|Any CPU = Ad-Hoc|Any CPU
		Ad-Hoc|ARM = Ad-Hoc|ARM
		Ad-Hoc|iPhone = Ad-Hoc|iPhone
		Ad-Hoc|iPhoneSimulator = Ad-Hoc|iPhoneSimulator
		Ad-Hoc|x64 = Ad-Hoc|x64
		Ad-Hoc|x86 = Ad-Hoc|x86
		AppStore|Any CPU = AppStore|Any CPU
		AppStore|ARM = AppStore|ARM
		AppStore|iPhone = AppStore|iPhone
		AppStore|iPhoneSimulator = AppStore|iPhoneSimulator
		AppStore|x64 = AppStore|x64
		AppStore|x86 = AppStore|x86
		Debug|Any CPU = Debug|Any CPU
		Debug|ARM = Debug|ARM
		Debug|iPhone = Debug|iPhone
		Debug|iPhoneSimulator = Debug|iPhoneSimulator
		Debug|x64 = Debug|x64
		Debug|x86 = Debug|x86
		Release|Any CPU = Release|Any CPU
		Release|ARM = Release|ARM
		Release|iPhone = Release|iPhone
		Release|iPhoneSimulator = Release|iPhoneSimulator
		Release|x64 = Release|x64
		Release|x86 = Release|x86
	EndGlobalSection
	GlobalSection(ProjectConfigurationPlatforms) = postSolution
		{623AD0BE-A9DB-48FE-81FA-4BF8852857FC}.Ad-Hoc|Any CPU.ActiveCfg = Release|Any CPU
		{623AD0BE-A9DB-48FE-81FA-4BF8852857FC}.Ad-Hoc|Any CPU.Build.0 = Release|Any CPU
		{623AD0BE-A9DB-48FE-81FA-4BF8852857FC}.Ad-Hoc|Any CPU.Deploy.0 = Release|Any CPU
		{623AD0BE-A9DB-48FE-81FA-4BF8852857FC}.Ad-Hoc|ARM.ActiveCfg = Release|Any CPU
		{623AD0BE-A9DB-48FE-81FA-4BF8852857FC}.Ad-Hoc|ARM.Build.0 = Release|Any CPU
		{623AD0BE-A9DB-48FE-81FA-4BF8852857FC}.Ad-Hoc|ARM.Deploy.0 = Release|Any CPU
		{623AD0BE-A9DB-48FE-81FA-4BF8852857FC}.Ad-Hoc|iPhone.ActiveCfg = Release|Any CPU
		{623AD0BE-A9DB-48FE-81FA-4BF8852857FC}.Ad-Hoc|iPhone.Build.0 = Release|Any CPU
		{623AD0BE-A9DB-48FE-81FA-4BF8852857FC}.Ad-Hoc|iPhone.Deploy.0 = Release|Any CPU
		{623AD0BE-A9DB-48FE-81FA-4BF8852857FC}.Ad-Hoc|iPhoneSimulator.ActiveCfg = Release|Any CPU
		{623AD0BE-A9DB-48FE-81FA-4BF8852857FC}.Ad-Hoc|iPhoneSimulator.Build.0 = Release|Any CPU
		{623AD0BE-A9DB-48FE-81FA-4BF8852857FC}.Ad-Hoc|iPhoneSimulator.Deploy.0 = Release|Any CPU
		{623AD0BE-A9DB-48FE-81FA-4BF8852857FC}.Ad-Hoc|x64.ActiveCfg = Release|Any CPU
		{623AD0BE-A9DB-48FE-81FA-4BF8852857FC}.Ad-Hoc|x64.Build.0 = Release|Any CPU
		{623AD0BE-A9DB-48FE-81FA-4BF8852857FC}.Ad-Hoc|x64.Deploy.0 = Release|Any CPU
		{623AD0BE-A9DB-48FE-81FA-4BF8852857FC}.Ad-Hoc|x86.ActiveCfg = Release|Any CPU
		{623AD0BE-A9DB-48FE-81FA-4BF8852857FC}.Ad-Hoc|x86.Build.0 = Release|Any CPU
		{623AD0BE-A9DB-48FE-81FA-4BF8852857FC}.Ad-Hoc|x86.Deploy.0 = Release|Any CPU
		{623AD0BE-A9DB-48FE-81FA-4BF8852857FC}.AppStore|Any CPU.ActiveCfg = Release|Any CPU
		{623AD0BE-A9DB-48FE-81FA-4BF8852857FC}.AppStore|Any CPU.Build.0 = Release|Any CPU
		{623AD0BE-A9DB-48FE-81FA-4BF8852857FC}.AppStore|Any CPU.Deploy.0 = Release|Any CPU
		{623AD0BE-A9DB-48FE-81FA-4BF8852857FC}.AppStore|ARM.ActiveCfg = Release|Any CPU
		{623AD0BE-A9DB-48FE-81FA-4BF8852857FC}.AppStore|ARM.Build.0 = Release|Any CPU
		{623AD0BE-A9DB-48FE-81FA-4BF8852857FC}.AppStore|ARM.Deploy.0 = Release|Any CPU
		{623AD0BE-A9DB-48FE-81FA-4BF8852857FC}.AppStore|iPhone.ActiveCfg = Release|Any CPU
		{623AD0BE-A9DB-48FE-81FA-4BF8852857FC}.AppStore|iPhone.Build.0 = Release|Any CPU
		{623AD0BE-A9DB-48FE-81FA-4BF8852857FC}.AppStore|iPhone.Deploy.0 = Release|Any CPU
		{623AD0BE-A9DB-48FE-81FA-4BF8852857FC}.AppStore|iPhoneSimulator.ActiveCfg = Release|Any CPU
		{623AD0BE-A9DB-48FE-81FA-4BF8852857FC}.AppStore|iPhoneSimulator.Build.0 = Release|Any CPU
		{623AD0BE-A9DB-48FE-81FA-4BF8852857FC}.AppStore|iPhoneSimulator.Deploy.0 = Release|Any CPU
		{623AD0BE-A9DB-48FE-81FA-4BF8852857FC}.AppStore|x64.ActiveCfg = Release|Any CPU
		{623AD0BE-A9DB-48FE-81FA-4BF8852857FC}.AppStore|x64.Build.0 = Release|Any CPU
		{623AD0BE-A9DB-48FE-81FA-4BF8852857FC}.AppStore|x64.Deploy.0 = Release|Any CPU
		{623AD0BE-A9DB-48FE-81FA-4BF8852857FC}.AppStore|x86.ActiveCfg = Release|Any CPU
		{623AD0BE-A9DB-48FE-81FA-4BF8852857FC}.AppStore|x86.Build.0 = Release|Any CPU
		{623AD0BE-A9DB-48FE-81FA-4BF8852857FC}.AppStore|x86.Deploy.0 = Release|Any CPU
		{623AD0BE-A9DB-48FE-81FA-4BF8852857FC}.Debug|Any CPU.ActiveCfg = Debug|Any CPU
		{623AD0BE-A9DB-48FE-81FA-4BF8852857FC}.Debug|Any CPU.Build.0 = Debug|Any CPU
		{623AD0BE-A9DB-48FE-81FA-4BF8852857FC}.Debug|Any CPU.Deploy.0 = Debug|Any CPU
		{623AD0BE-A9DB-48FE-81FA-4BF8852857FC}.Debug|ARM.ActiveCfg = Debug|Any CPU
		{623AD0BE-A9DB-48FE-81FA-4BF8852857FC}.Debug|ARM.Build.0 = Debug|Any CPU
		{623AD0BE-A9DB-48FE-81FA-4BF8852857FC}.Debug|ARM.Deploy.0 = Debug|Any CPU
		{623AD0BE-A9DB-48FE-81FA-4BF8852857FC}.Debug|iPhone.ActiveCfg = Debug|Any CPU
		{623AD0BE-A9DB-48FE-81FA-4BF8852857FC}.Debug|iPhone.Build.0 = Debug|Any CPU
		{623AD0BE-A9DB-48FE-81FA-4BF8852857FC}.Debug|iPhone.Deploy.0 = Debug|Any CPU
		{623AD0BE-A9DB-48FE-81FA-4BF8852857FC}.Debug|iPhoneSimulator.ActiveCfg = Debug|Any CPU
		{623AD0BE-A9DB-48FE-81FA-4BF8852857FC}.Debug|iPhoneSimulator.Build.0 = Debug|Any CPU
		{623AD0BE-A9DB-48FE-81FA-4BF8852857FC}.Debug|iPhoneSimulator.Deploy.0 = Debug|Any CPU
		{623AD0BE-A9DB-48FE-81FA-4BF8852857FC}.Debug|x64.ActiveCfg = Debug|Any CPU
		{623AD0BE-A9DB-48FE-81FA-4BF8852857FC}.Debug|x64.Build.0 = Debug|Any CPU
		{623AD0BE-A9DB-48FE-81FA-4BF8852857FC}.Debug|x64.Deploy.0 = Debug|Any CPU
		{623AD0BE-A9DB-48FE-81FA-4BF8852857FC}.Debug|x86.ActiveCfg = Debug|Any CPU
		{623AD0BE-A9DB-48FE-81FA-4BF8852857FC}.Debug|x86.Build.0 = Debug|Any CPU
		{623AD0BE-A9DB-48FE-81FA-4BF8852857FC}.Debug|x86.Deploy.0 = Debug|Any CPU
		{623AD0BE-A9DB-48FE-81FA-4BF8852857FC}.Release|Any CPU.ActiveCfg = Release|Any CPU
		{623AD0BE-A9DB-48FE-81FA-4BF8852857FC}.Release|Any CPU.Build.0 = Release|Any CPU
		{623AD0BE-A9DB-48FE-81FA-4BF8852857FC}.Release|Any CPU.Deploy.0 = Release|Any CPU
		{623AD0BE-A9DB-48FE-81FA-4BF8852857FC}.Release|ARM.ActiveCfg = Release|Any CPU
		{623AD0BE-A9DB-48FE-81FA-4BF8852857FC}.Release|ARM.Build.0 = Release|Any CPU
		{623AD0BE-A9DB-48FE-81FA-4BF8852857FC}.Release|ARM.Deploy.0 = Release|Any CPU
		{623AD0BE-A9DB-48FE-81FA-4BF8852857FC}.Release|iPhone.ActiveCfg = Release|Any CPU
		{623AD0BE-A9DB-48FE-81FA-4BF8852857FC}.Release|iPhone.Build.0 = Release|Any CPU
		{623AD0BE-A9DB-48FE-81FA-4BF8852857FC}.Release|iPhone.Deploy.0 = Release|Any CPU
		{623AD0BE-A9DB-48FE-81FA-4BF8852857FC}.Release|iPhoneSimulator.ActiveCfg = Release|Any CPU
		{623AD0BE-A9DB-48FE-81FA-4BF8852857FC}.Release|iPhoneSimulator.Build.0 = Release|Any CPU
		{623AD0BE-A9DB-48FE-81FA-4BF8852857FC}.Release|iPhoneSimulator.Deploy.0 = Release|Any CPU
		{623AD0BE-A9DB-48FE-81FA-4BF8852857FC}.Release|x64.ActiveCfg = Release|Any CPU
		{623AD0BE-A9DB-48FE-81FA-4BF8852857FC}.Release|x64.Build.0 = Release|Any CPU
		{623AD0BE-A9DB-48FE-81FA-4BF8852857FC}.Release|x64.Deploy.0 = Release|Any CPU
		{623AD0BE-A9DB-48FE-81FA-4BF8852857FC}.Release|x86.ActiveCfg = Release|Any CPU
		{623AD0BE-A9DB-48FE-81FA-4BF8852857FC}.Release|x86.Build.0 = Release|Any CPU
		{623AD0BE-A9DB-48FE-81FA-4BF8852857FC}.Release|x86.Deploy.0 = Release|Any CPU
		{2B6CFDD5-F8B3-42C8-82E0-F44B35897BA4}.Ad-Hoc|Any CPU.ActiveCfg = Ad-Hoc|iPhone
		{2B6CFDD5-F8B3-42C8-82E0-F44B35897BA4}.Ad-Hoc|Any CPU.Build.0 = Ad-Hoc|iPhone
		{2B6CFDD5-F8B3-42C8-82E0-F44B35897BA4}.Ad-Hoc|Any CPU.Deploy.0 = Ad-Hoc|iPhone
		{2B6CFDD5-F8B3-42C8-82E0-F44B35897BA4}.Ad-Hoc|ARM.ActiveCfg = Ad-Hoc|iPhone
		{2B6CFDD5-F8B3-42C8-82E0-F44B35897BA4}.Ad-Hoc|ARM.Build.0 = Ad-Hoc|iPhone
		{2B6CFDD5-F8B3-42C8-82E0-F44B35897BA4}.Ad-Hoc|ARM.Deploy.0 = Ad-Hoc|iPhone
		{2B6CFDD5-F8B3-42C8-82E0-F44B35897BA4}.Ad-Hoc|iPhone.ActiveCfg = Ad-Hoc|iPhone
		{2B6CFDD5-F8B3-42C8-82E0-F44B35897BA4}.Ad-Hoc|iPhone.Build.0 = Ad-Hoc|iPhone
		{2B6CFDD5-F8B3-42C8-82E0-F44B35897BA4}.Ad-Hoc|iPhone.Deploy.0 = Ad-Hoc|iPhone
		{2B6CFDD5-F8B3-42C8-82E0-F44B35897BA4}.Ad-Hoc|iPhoneSimulator.ActiveCfg = Ad-Hoc|iPhoneSimulator
		{2B6CFDD5-F8B3-42C8-82E0-F44B35897BA4}.Ad-Hoc|iPhoneSimulator.Build.0 = Ad-Hoc|iPhoneSimulator
		{2B6CFDD5-F8B3-42C8-82E0-F44B35897BA4}.Ad-Hoc|iPhoneSimulator.Deploy.0 = Ad-Hoc|iPhoneSimulator
		{2B6CFDD5-F8B3-42C8-82E0-F44B35897BA4}.Ad-Hoc|x64.ActiveCfg = Ad-Hoc|iPhone
		{2B6CFDD5-F8B3-42C8-82E0-F44B35897BA4}.Ad-Hoc|x64.Build.0 = Ad-Hoc|iPhone
		{2B6CFDD5-F8B3-42C8-82E0-F44B35897BA4}.Ad-Hoc|x64.Deploy.0 = Ad-Hoc|iPhone
		{2B6CFDD5-F8B3-42C8-82E0-F44B35897BA4}.Ad-Hoc|x86.ActiveCfg = Ad-Hoc|iPhone
		{2B6CFDD5-F8B3-42C8-82E0-F44B35897BA4}.Ad-Hoc|x86.Build.0 = Ad-Hoc|iPhone
		{2B6CFDD5-F8B3-42C8-82E0-F44B35897BA4}.Ad-Hoc|x86.Deploy.0 = Ad-Hoc|iPhone
		{2B6CFDD5-F8B3-42C8-82E0-F44B35897BA4}.AppStore|Any CPU.ActiveCfg = AppStore|iPhone
		{2B6CFDD5-F8B3-42C8-82E0-F44B35897BA4}.AppStore|Any CPU.Build.0 = AppStore|iPhone
		{2B6CFDD5-F8B3-42C8-82E0-F44B35897BA4}.AppStore|Any CPU.Deploy.0 = AppStore|iPhone
		{2B6CFDD5-F8B3-42C8-82E0-F44B35897BA4}.AppStore|ARM.ActiveCfg = AppStore|iPhone
		{2B6CFDD5-F8B3-42C8-82E0-F44B35897BA4}.AppStore|ARM.Build.0 = AppStore|iPhone
		{2B6CFDD5-F8B3-42C8-82E0-F44B35897BA4}.AppStore|ARM.Deploy.0 = AppStore|iPhone
		{2B6CFDD5-F8B3-42C8-82E0-F44B35897BA4}.AppStore|iPhone.ActiveCfg = AppStore|iPhone
		{2B6CFDD5-F8B3-42C8-82E0-F44B35897BA4}.AppStore|iPhone.Build.0 = AppStore|iPhone
		{2B6CFDD5-F8B3-42C8-82E0-F44B35897BA4}.AppStore|iPhone.Deploy.0 = AppStore|iPhone
		{2B6CFDD5-F8B3-42C8-82E0-F44B35897BA4}.AppStore|iPhoneSimulator.ActiveCfg = AppStore|iPhoneSimulator
		{2B6CFDD5-F8B3-42C8-82E0-F44B35897BA4}.AppStore|iPhoneSimulator.Build.0 = AppStore|iPhoneSimulator
		{2B6CFDD5-F8B3-42C8-82E0-F44B35897BA4}.AppStore|iPhoneSimulator.Deploy.0 = AppStore|iPhoneSimulator
		{2B6CFDD5-F8B3-42C8-82E0-F44B35897BA4}.AppStore|x64.ActiveCfg = AppStore|iPhone
		{2B6CFDD5-F8B3-42C8-82E0-F44B35897BA4}.AppStore|x64.Build.0 = AppStore|iPhone
		{2B6CFDD5-F8B3-42C8-82E0-F44B35897BA4}.AppStore|x64.Deploy.0 = AppStore|iPhone
		{2B6CFDD5-F8B3-42C8-82E0-F44B35897BA4}.AppStore|x86.ActiveCfg = AppStore|iPhone
		{2B6CFDD5-F8B3-42C8-82E0-F44B35897BA4}.AppStore|x86.Build.0 = AppStore|iPhone
		{2B6CFDD5-F8B3-42C8-82E0-F44B35897BA4}.AppStore|x86.Deploy.0 = AppStore|iPhone
		{2B6CFDD5-F8B3-42C8-82E0-F44B35897BA4}.Debug|Any CPU.ActiveCfg = Debug|iPhoneSimulator
		{2B6CFDD5-F8B3-42C8-82E0-F44B35897BA4}.Debug|Any CPU.Build.0 = Debug|iPhoneSimulator
		{2B6CFDD5-F8B3-42C8-82E0-F44B35897BA4}.Debug|Any CPU.Deploy.0 = Debug|iPhoneSimulator
		{2B6CFDD5-F8B3-42C8-82E0-F44B35897BA4}.Debug|ARM.ActiveCfg = Debug|iPhone
		{2B6CFDD5-F8B3-42C8-82E0-F44B35897BA4}.Debug|ARM.Build.0 = Debug|iPhone
		{2B6CFDD5-F8B3-42C8-82E0-F44B35897BA4}.Debug|ARM.Deploy.0 = Debug|iPhone
		{2B6CFDD5-F8B3-42C8-82E0-F44B35897BA4}.Debug|iPhone.ActiveCfg = Debug|iPhone
		{2B6CFDD5-F8B3-42C8-82E0-F44B35897BA4}.Debug|iPhone.Build.0 = Debug|iPhone
		{2B6CFDD5-F8B3-42C8-82E0-F44B35897BA4}.Debug|iPhone.Deploy.0 = Debug|iPhone
		{2B6CFDD5-F8B3-42C8-82E0-F44B35897BA4}.Debug|iPhoneSimulator.ActiveCfg = Debug|iPhoneSimulator
		{2B6CFDD5-F8B3-42C8-82E0-F44B35897BA4}.Debug|iPhoneSimulator.Build.0 = Debug|iPhoneSimulator
		{2B6CFDD5-F8B3-42C8-82E0-F44B35897BA4}.Debug|iPhoneSimulator.Deploy.0 = Debug|iPhoneSimulator
		{2B6CFDD5-F8B3-42C8-82E0-F44B35897BA4}.Debug|x64.ActiveCfg = Debug|iPhone
		{2B6CFDD5-F8B3-42C8-82E0-F44B35897BA4}.Debug|x64.Build.0 = Debug|iPhone
		{2B6CFDD5-F8B3-42C8-82E0-F44B35897BA4}.Debug|x64.Deploy.0 = Debug|iPhone
		{2B6CFDD5-F8B3-42C8-82E0-F44B35897BA4}.Debug|x86.ActiveCfg = Debug|iPhone
		{2B6CFDD5-F8B3-42C8-82E0-F44B35897BA4}.Debug|x86.Build.0 = Debug|iPhone
		{2B6CFDD5-F8B3-42C8-82E0-F44B35897BA4}.Debug|x86.Deploy.0 = Debug|iPhone
		{2B6CFDD5-F8B3-42C8-82E0-F44B35897BA4}.Release|Any CPU.ActiveCfg = Release|iPhone
		{2B6CFDD5-F8B3-42C8-82E0-F44B35897BA4}.Release|Any CPU.Build.0 = Release|iPhone
		{2B6CFDD5-F8B3-42C8-82E0-F44B35897BA4}.Release|Any CPU.Deploy.0 = Release|iPhone
		{2B6CFDD5-F8B3-42C8-82E0-F44B35897BA4}.Release|ARM.ActiveCfg = Release|iPhone
		{2B6CFDD5-F8B3-42C8-82E0-F44B35897BA4}.Release|ARM.Build.0 = Release|iPhone
		{2B6CFDD5-F8B3-42C8-82E0-F44B35897BA4}.Release|ARM.Deploy.0 = Release|iPhone
		{2B6CFDD5-F8B3-42C8-82E0-F44B35897BA4}.Release|iPhone.ActiveCfg = Release|iPhone
		{2B6CFDD5-F8B3-42C8-82E0-F44B35897BA4}.Release|iPhone.Build.0 = Release|iPhone
		{2B6CFDD5-F8B3-42C8-82E0-F44B35897BA4}.Release|iPhone.Deploy.0 = Release|iPhone
		{2B6CFDD5-F8B3-42C8-82E0-F44B35897BA4}.Release|iPhoneSimulator.ActiveCfg = Release|iPhoneSimulator
		{2B6CFDD5-F8B3-42C8-82E0-F44B35897BA4}.Release|iPhoneSimulator.Build.0 = Release|iPhoneSimulator
		{2B6CFDD5-F8B3-42C8-82E0-F44B35897BA4}.Release|iPhoneSimulator.Deploy.0 = Release|iPhoneSimulator
		{2B6CFDD5-F8B3-42C8-82E0-F44B35897BA4}.Release|x64.ActiveCfg = Release|iPhone
		{2B6CFDD5-F8B3-42C8-82E0-F44B35897BA4}.Release|x64.Build.0 = Release|iPhone
		{2B6CFDD5-F8B3-42C8-82E0-F44B35897BA4}.Release|x64.Deploy.0 = Release|iPhone
		{2B6CFDD5-F8B3-42C8-82E0-F44B35897BA4}.Release|x86.ActiveCfg = Release|iPhone
		{2B6CFDD5-F8B3-42C8-82E0-F44B35897BA4}.Release|x86.Build.0 = Release|iPhone
		{2B6CFDD5-F8B3-42C8-82E0-F44B35897BA4}.Release|x86.Deploy.0 = Release|iPhone
		{335300FB-63E9-4CB6-BCA5-752A50C5EFF8}.Ad-Hoc|Any CPU.ActiveCfg = Release|x86
		{335300FB-63E9-4CB6-BCA5-752A50C5EFF8}.Ad-Hoc|Any CPU.Build.0 = Release|x86
		{335300FB-63E9-4CB6-BCA5-752A50C5EFF8}.Ad-Hoc|Any CPU.Deploy.0 = Release|x86
		{335300FB-63E9-4CB6-BCA5-752A50C5EFF8}.Ad-Hoc|ARM.ActiveCfg = Release|ARM
		{335300FB-63E9-4CB6-BCA5-752A50C5EFF8}.Ad-Hoc|ARM.Build.0 = Release|ARM
		{335300FB-63E9-4CB6-BCA5-752A50C5EFF8}.Ad-Hoc|ARM.Deploy.0 = Release|ARM
		{335300FB-63E9-4CB6-BCA5-752A50C5EFF8}.Ad-Hoc|iPhone.ActiveCfg = Release|x86
		{335300FB-63E9-4CB6-BCA5-752A50C5EFF8}.Ad-Hoc|iPhone.Build.0 = Release|x86
		{335300FB-63E9-4CB6-BCA5-752A50C5EFF8}.Ad-Hoc|iPhone.Deploy.0 = Release|x86
		{335300FB-63E9-4CB6-BCA5-752A50C5EFF8}.Ad-Hoc|iPhoneSimulator.ActiveCfg = Release|x86
		{335300FB-63E9-4CB6-BCA5-752A50C5EFF8}.Ad-Hoc|iPhoneSimulator.Build.0 = Release|x86
		{335300FB-63E9-4CB6-BCA5-752A50C5EFF8}.Ad-Hoc|iPhoneSimulator.Deploy.0 = Release|x86
		{335300FB-63E9-4CB6-BCA5-752A50C5EFF8}.Ad-Hoc|x64.ActiveCfg = Release|x64
		{335300FB-63E9-4CB6-BCA5-752A50C5EFF8}.Ad-Hoc|x64.Build.0 = Release|x64
		{335300FB-63E9-4CB6-BCA5-752A50C5EFF8}.Ad-Hoc|x64.Deploy.0 = Release|x64
		{335300FB-63E9-4CB6-BCA5-752A50C5EFF8}.Ad-Hoc|x86.ActiveCfg = Release|x86
		{335300FB-63E9-4CB6-BCA5-752A50C5EFF8}.Ad-Hoc|x86.Build.0 = Release|x86
		{335300FB-63E9-4CB6-BCA5-752A50C5EFF8}.Ad-Hoc|x86.Deploy.0 = Release|x86
		{335300FB-63E9-4CB6-BCA5-752A50C5EFF8}.AppStore|Any CPU.ActiveCfg = Release|x86
		{335300FB-63E9-4CB6-BCA5-752A50C5EFF8}.AppStore|Any CPU.Build.0 = Release|x86
		{335300FB-63E9-4CB6-BCA5-752A50C5EFF8}.AppStore|Any CPU.Deploy.0 = Release|x86
		{335300FB-63E9-4CB6-BCA5-752A50C5EFF8}.AppStore|ARM.ActiveCfg = Release|ARM
		{335300FB-63E9-4CB6-BCA5-752A50C5EFF8}.AppStore|ARM.Build.0 = Release|ARM
		{335300FB-63E9-4CB6-BCA5-752A50C5EFF8}.AppStore|ARM.Deploy.0 = Release|ARM
		{335300FB-63E9-4CB6-BCA5-752A50C5EFF8}.AppStore|iPhone.ActiveCfg = Release|x86
		{335300FB-63E9-4CB6-BCA5-752A50C5EFF8}.AppStore|iPhone.Build.0 = Release|x86
		{335300FB-63E9-4CB6-BCA5-752A50C5EFF8}.AppStore|iPhone.Deploy.0 = Release|x86
		{335300FB-63E9-4CB6-BCA5-752A50C5EFF8}.AppStore|iPhoneSimulator.ActiveCfg = Release|x86
		{335300FB-63E9-4CB6-BCA5-752A50C5EFF8}.AppStore|iPhoneSimulator.Build.0 = Release|x86
		{335300FB-63E9-4CB6-BCA5-752A50C5EFF8}.AppStore|iPhoneSimulator.Deploy.0 = Release|x86
		{335300FB-63E9-4CB6-BCA5-752A50C5EFF8}.AppStore|x64.ActiveCfg = Release|x64
		{335300FB-63E9-4CB6-BCA5-752A50C5EFF8}.AppStore|x64.Build.0 = Release|x64
		{335300FB-63E9-4CB6-BCA5-752A50C5EFF8}.AppStore|x64.Deploy.0 = Release|x64
		{335300FB-63E9-4CB6-BCA5-752A50C5EFF8}.AppStore|x86.ActiveCfg = Release|x86
		{335300FB-63E9-4CB6-BCA5-752A50C5EFF8}.AppStore|x86.Build.0 = Release|x86
		{335300FB-63E9-4CB6-BCA5-752A50C5EFF8}.AppStore|x86.Deploy.0 = Release|x86
		{335300FB-63E9-4CB6-BCA5-752A50C5EFF8}.Debug|Any CPU.ActiveCfg = Debug|x86
		{335300FB-63E9-4CB6-BCA5-752A50C5EFF8}.Debug|Any CPU.Build.0 = Debug|x86
		{335300FB-63E9-4CB6-BCA5-752A50C5EFF8}.Debug|Any CPU.Deploy.0 = Debug|x86
		{335300FB-63E9-4CB6-BCA5-752A50C5EFF8}.Debug|ARM.ActiveCfg = Debug|ARM
		{335300FB-63E9-4CB6-BCA5-752A50C5EFF8}.Debug|ARM.Build.0 = Debug|ARM
		{335300FB-63E9-4CB6-BCA5-752A50C5EFF8}.Debug|ARM.Deploy.0 = Debug|ARM
		{335300FB-63E9-4CB6-BCA5-752A50C5EFF8}.Debug|iPhone.ActiveCfg = Debug|x86
		{335300FB-63E9-4CB6-BCA5-752A50C5EFF8}.Debug|iPhone.Build.0 = Debug|x86
		{335300FB-63E9-4CB6-BCA5-752A50C5EFF8}.Debug|iPhone.Deploy.0 = Debug|x86
		{335300FB-63E9-4CB6-BCA5-752A50C5EFF8}.Debug|iPhoneSimulator.ActiveCfg = Debug|x86
		{335300FB-63E9-4CB6-BCA5-752A50C5EFF8}.Debug|iPhoneSimulator.Build.0 = Debug|x86
		{335300FB-63E9-4CB6-BCA5-752A50C5EFF8}.Debug|iPhoneSimulator.Deploy.0 = Debug|x86
		{335300FB-63E9-4CB6-BCA5-752A50C5EFF8}.Debug|x64.ActiveCfg = Debug|x64
		{335300FB-63E9-4CB6-BCA5-752A50C5EFF8}.Debug|x64.Build.0 = Debug|x64
		{335300FB-63E9-4CB6-BCA5-752A50C5EFF8}.Debug|x64.Deploy.0 = Debug|x64
		{335300FB-63E9-4CB6-BCA5-752A50C5EFF8}.Debug|x86.ActiveCfg = Debug|x86
		{335300FB-63E9-4CB6-BCA5-752A50C5EFF8}.Debug|x86.Build.0 = Debug|x86
		{335300FB-63E9-4CB6-BCA5-752A50C5EFF8}.Debug|x86.Deploy.0 = Debug|x86
		{335300FB-63E9-4CB6-BCA5-752A50C5EFF8}.Release|Any CPU.ActiveCfg = Release|x86
		{335300FB-63E9-4CB6-BCA5-752A50C5EFF8}.Release|Any CPU.Build.0 = Release|x86
		{335300FB-63E9-4CB6-BCA5-752A50C5EFF8}.Release|Any CPU.Deploy.0 = Release|x86
		{335300FB-63E9-4CB6-BCA5-752A50C5EFF8}.Release|ARM.ActiveCfg = Release|ARM
		{335300FB-63E9-4CB6-BCA5-752A50C5EFF8}.Release|ARM.Build.0 = Release|ARM
		{335300FB-63E9-4CB6-BCA5-752A50C5EFF8}.Release|ARM.Deploy.0 = Release|ARM
		{335300FB-63E9-4CB6-BCA5-752A50C5EFF8}.Release|iPhone.ActiveCfg = Release|x86
		{335300FB-63E9-4CB6-BCA5-752A50C5EFF8}.Release|iPhone.Build.0 = Release|x86
		{335300FB-63E9-4CB6-BCA5-752A50C5EFF8}.Release|iPhone.Deploy.0 = Release|x86
		{335300FB-63E9-4CB6-BCA5-752A50C5EFF8}.Release|iPhoneSimulator.ActiveCfg = Release|x86
		{335300FB-63E9-4CB6-BCA5-752A50C5EFF8}.Release|iPhoneSimulator.Build.0 = Release|x86
		{335300FB-63E9-4CB6-BCA5-752A50C5EFF8}.Release|iPhoneSimulator.Deploy.0 = Release|x86
		{335300FB-63E9-4CB6-BCA5-752A50C5EFF8}.Release|x64.ActiveCfg = Release|x64
		{335300FB-63E9-4CB6-BCA5-752A50C5EFF8}.Release|x64.Build.0 = Release|x64
		{335300FB-63E9-4CB6-BCA5-752A50C5EFF8}.Release|x64.Deploy.0 = Release|x64
		{335300FB-63E9-4CB6-BCA5-752A50C5EFF8}.Release|x86.ActiveCfg = Release|x86
		{335300FB-63E9-4CB6-BCA5-752A50C5EFF8}.Release|x86.Build.0 = Release|x86
		{335300FB-63E9-4CB6-BCA5-752A50C5EFF8}.Release|x86.Deploy.0 = Release|x86
		{6CD71F80-19EF-4153-A47D-D294857B71F3}.Ad-Hoc|Any CPU.ActiveCfg = Debug|Any CPU
		{6CD71F80-19EF-4153-A47D-D294857B71F3}.Ad-Hoc|Any CPU.Build.0 = Debug|Any CPU
		{6CD71F80-19EF-4153-A47D-D294857B71F3}.Ad-Hoc|Any CPU.Deploy.0 = Debug|Any CPU
		{6CD71F80-19EF-4153-A47D-D294857B71F3}.Ad-Hoc|ARM.ActiveCfg = Debug|Any CPU
		{6CD71F80-19EF-4153-A47D-D294857B71F3}.Ad-Hoc|ARM.Build.0 = Debug|Any CPU
		{6CD71F80-19EF-4153-A47D-D294857B71F3}.Ad-Hoc|ARM.Deploy.0 = Debug|Any CPU
		{6CD71F80-19EF-4153-A47D-D294857B71F3}.Ad-Hoc|iPhone.ActiveCfg = Debug|Any CPU
		{6CD71F80-19EF-4153-A47D-D294857B71F3}.Ad-Hoc|iPhone.Build.0 = Debug|Any CPU
		{6CD71F80-19EF-4153-A47D-D294857B71F3}.Ad-Hoc|iPhone.Deploy.0 = Debug|Any CPU
		{6CD71F80-19EF-4153-A47D-D294857B71F3}.Ad-Hoc|iPhoneSimulator.ActiveCfg = Debug|Any CPU
		{6CD71F80-19EF-4153-A47D-D294857B71F3}.Ad-Hoc|iPhoneSimulator.Build.0 = Debug|Any CPU
		{6CD71F80-19EF-4153-A47D-D294857B71F3}.Ad-Hoc|iPhoneSimulator.Deploy.0 = Debug|Any CPU
		{6CD71F80-19EF-4153-A47D-D294857B71F3}.Ad-Hoc|x64.ActiveCfg = Debug|Any CPU
		{6CD71F80-19EF-4153-A47D-D294857B71F3}.Ad-Hoc|x64.Build.0 = Debug|Any CPU
		{6CD71F80-19EF-4153-A47D-D294857B71F3}.Ad-Hoc|x64.Deploy.0 = Debug|Any CPU
		{6CD71F80-19EF-4153-A47D-D294857B71F3}.Ad-Hoc|x86.ActiveCfg = Debug|Any CPU
		{6CD71F80-19EF-4153-A47D-D294857B71F3}.Ad-Hoc|x86.Build.0 = Debug|Any CPU
		{6CD71F80-19EF-4153-A47D-D294857B71F3}.Ad-Hoc|x86.Deploy.0 = Debug|Any CPU
		{6CD71F80-19EF-4153-A47D-D294857B71F3}.AppStore|Any CPU.ActiveCfg = Debug|Any CPU
		{6CD71F80-19EF-4153-A47D-D294857B71F3}.AppStore|Any CPU.Build.0 = Debug|Any CPU
		{6CD71F80-19EF-4153-A47D-D294857B71F3}.AppStore|Any CPU.Deploy.0 = Debug|Any CPU
		{6CD71F80-19EF-4153-A47D-D294857B71F3}.AppStore|ARM.ActiveCfg = Debug|Any CPU
		{6CD71F80-19EF-4153-A47D-D294857B71F3}.AppStore|ARM.Build.0 = Debug|Any CPU
		{6CD71F80-19EF-4153-A47D-D294857B71F3}.AppStore|ARM.Deploy.0 = Debug|Any CPU
		{6CD71F80-19EF-4153-A47D-D294857B71F3}.AppStore|iPhone.ActiveCfg = Debug|Any CPU
		{6CD71F80-19EF-4153-A47D-D294857B71F3}.AppStore|iPhone.Build.0 = Debug|Any CPU
		{6CD71F80-19EF-4153-A47D-D294857B71F3}.AppStore|iPhone.Deploy.0 = Debug|Any CPU
		{6CD71F80-19EF-4153-A47D-D294857B71F3}.AppStore|iPhoneSimulator.ActiveCfg = Debug|Any CPU
		{6CD71F80-19EF-4153-A47D-D294857B71F3}.AppStore|iPhoneSimulator.Build.0 = Debug|Any CPU
		{6CD71F80-19EF-4153-A47D-D294857B71F3}.AppStore|iPhoneSimulator.Deploy.0 = Debug|Any CPU
		{6CD71F80-19EF-4153-A47D-D294857B71F3}.AppStore|x64.ActiveCfg = Debug|Any CPU
		{6CD71F80-19EF-4153-A47D-D294857B71F3}.AppStore|x64.Build.0 = Debug|Any CPU
		{6CD71F80-19EF-4153-A47D-D294857B71F3}.AppStore|x64.Deploy.0 = Debug|Any CPU
		{6CD71F80-19EF-4153-A47D-D294857B71F3}.AppStore|x86.ActiveCfg = Debug|Any CPU
		{6CD71F80-19EF-4153-A47D-D294857B71F3}.AppStore|x86.Build.0 = Debug|Any CPU
		{6CD71F80-19EF-4153-A47D-D294857B71F3}.AppStore|x86.Deploy.0 = Debug|Any CPU
		{6CD71F80-19EF-4153-A47D-D294857B71F3}.Debug|Any CPU.ActiveCfg = Debug|Any CPU
		{6CD71F80-19EF-4153-A47D-D294857B71F3}.Debug|Any CPU.Build.0 = Debug|Any CPU
		{6CD71F80-19EF-4153-A47D-D294857B71F3}.Debug|Any CPU.Deploy.0 = Debug|Any CPU
		{6CD71F80-19EF-4153-A47D-D294857B71F3}.Debug|ARM.ActiveCfg = Debug|Any CPU
		{6CD71F80-19EF-4153-A47D-D294857B71F3}.Debug|ARM.Build.0 = Debug|Any CPU
		{6CD71F80-19EF-4153-A47D-D294857B71F3}.Debug|ARM.Deploy.0 = Debug|Any CPU
		{6CD71F80-19EF-4153-A47D-D294857B71F3}.Debug|iPhone.ActiveCfg = Debug|Any CPU
		{6CD71F80-19EF-4153-A47D-D294857B71F3}.Debug|iPhone.Build.0 = Debug|Any CPU
		{6CD71F80-19EF-4153-A47D-D294857B71F3}.Debug|iPhone.Deploy.0 = Debug|Any CPU
		{6CD71F80-19EF-4153-A47D-D294857B71F3}.Debug|iPhoneSimulator.ActiveCfg = Debug|Any CPU
		{6CD71F80-19EF-4153-A47D-D294857B71F3}.Debug|iPhoneSimulator.Build.0 = Debug|Any CPU
		{6CD71F80-19EF-4153-A47D-D294857B71F3}.Debug|iPhoneSimulator.Deploy.0 = Debug|Any CPU
		{6CD71F80-19EF-4153-A47D-D294857B71F3}.Debug|x64.ActiveCfg = Debug|Any CPU
		{6CD71F80-19EF-4153-A47D-D294857B71F3}.Debug|x64.Build.0 = Debug|Any CPU
		{6CD71F80-19EF-4153-A47D-D294857B71F3}.Debug|x64.Deploy.0 = Debug|Any CPU
		{6CD71F80-19EF-4153-A47D-D294857B71F3}.Debug|x86.ActiveCfg = Debug|Any CPU
		{6CD71F80-19EF-4153-A47D-D294857B71F3}.Debug|x86.Build.0 = Debug|Any CPU
		{6CD71F80-19EF-4153-A47D-D294857B71F3}.Debug|x86.Deploy.0 = Debug|Any CPU
		{6CD71F80-19EF-4153-A47D-D294857B71F3}.Release|Any CPU.ActiveCfg = Release|Any CPU
		{6CD71F80-19EF-4153-A47D-D294857B71F3}.Release|Any CPU.Build.0 = Release|Any CPU
		{6CD71F80-19EF-4153-A47D-D294857B71F3}.Release|Any CPU.Deploy.0 = Release|Any CPU
		{6CD71F80-19EF-4153-A47D-D294857B71F3}.Release|ARM.ActiveCfg = Release|Any CPU
		{6CD71F80-19EF-4153-A47D-D294857B71F3}.Release|ARM.Build.0 = Release|Any CPU
		{6CD71F80-19EF-4153-A47D-D294857B71F3}.Release|ARM.Deploy.0 = Release|Any CPU
		{6CD71F80-19EF-4153-A47D-D294857B71F3}.Release|iPhone.ActiveCfg = Release|Any CPU
		{6CD71F80-19EF-4153-A47D-D294857B71F3}.Release|iPhone.Build.0 = Release|Any CPU
		{6CD71F80-19EF-4153-A47D-D294857B71F3}.Release|iPhone.Deploy.0 = Release|Any CPU
		{6CD71F80-19EF-4153-A47D-D294857B71F3}.Release|iPhoneSimulator.ActiveCfg = Release|Any CPU
		{6CD71F80-19EF-4153-A47D-D294857B71F3}.Release|iPhoneSimulator.Build.0 = Release|Any CPU
		{6CD71F80-19EF-4153-A47D-D294857B71F3}.Release|iPhoneSimulator.Deploy.0 = Release|Any CPU
		{6CD71F80-19EF-4153-A47D-D294857B71F3}.Release|x64.ActiveCfg = Release|Any CPU
		{6CD71F80-19EF-4153-A47D-D294857B71F3}.Release|x64.Build.0 = Release|Any CPU
		{6CD71F80-19EF-4153-A47D-D294857B71F3}.Release|x64.Deploy.0 = Release|Any CPU
		{6CD71F80-19EF-4153-A47D-D294857B71F3}.Release|x86.ActiveCfg = Release|Any CPU
		{6CD71F80-19EF-4153-A47D-D294857B71F3}.Release|x86.Build.0 = Release|Any CPU
		{6CD71F80-19EF-4153-A47D-D294857B71F3}.Release|x86.Deploy.0 = Release|Any CPU
	EndGlobalSection
	GlobalSection(SolutionProperties) = preSolution
		HideSolutionNode = FALSE
	EndGlobalSection
	GlobalSection(ExtensibilityGlobals) = postSolution
		SolutionGuid = {2E7C24C1-8D02-4311-A168-7935055C2D9B}
	EndGlobalSection
EndGlobal
